{
  "version": 4,
  "terraform_version": "0.15.0",
  "serial": 165,
  "lineage": "1278ee36-0647-8083-3bdb-75d72c101b22",
  "outputs": {},
  "resources": [
    {
      "module": "module.my-alb",
      "mode": "managed",
      "type": "aws_autoscaling_group",
      "name": "my-asg1",
      "provider": "provider[\"registry.terraform.io/hashicorp/aws\"]",
      "instances": []
    },
    {
      "module": "module.my-alb",
      "mode": "managed",
      "type": "aws_autoscaling_group",
      "name": "my-asg2",
      "provider": "provider[\"registry.terraform.io/hashicorp/aws\"]",
      "instances": [
        {
          "schema_version": 0,
          "attributes": {
            "arn": "arn:aws:autoscaling:ap-south-1:790646685306:autoScalingGroup:fed11359-92c5-415c-9f56-24b20daf07d4:autoScalingGroupName/my-asg",
            "availability_zones": [
              "ap-south-1a",
              "ap-south-1b",
              "ap-south-1c"
            ],
            "capacity_rebalance": false,
            "default_cooldown": 300,
            "desired_capacity": 2,
            "enabled_metrics": [],
            "force_delete": false,
            "force_delete_warm_pool": false,
            "health_check_grace_period": 300,
            "health_check_type": "EC2",
            "id": "my-asg",
            "initial_lifecycle_hook": [],
            "instance_refresh": [],
            "launch_configuration": "my-lc",
            "launch_template": [],
            "load_balancers": [],
            "max_instance_lifetime": 0,
            "max_size": 5,
            "metrics_granularity": "1Minute",
            "min_elb_capacity": null,
            "min_size": 1,
            "mixed_instances_policy": [],
            "name": "my-asg",
            "name_prefix": "",
            "placement_group": "",
            "protect_from_scale_in": false,
            "service_linked_role_arn": "arn:aws:iam::790646685306:role/aws-service-role/autoscaling.amazonaws.com/AWSServiceRoleForAutoScaling",
            "suspended_processes": [],
            "tag": [],
            "tags": null,
            "target_group_arns": [
              "arn:aws:elasticloadbalancing:ap-south-1:790646685306:targetgroup/target-1/3de1680daf05d3a7"
            ],
            "termination_policies": [],
            "timeouts": null,
            "vpc_zone_identifier": [
              "subnet-093246ffece247f36",
              "subnet-0b584a4b067c652a2",
              "subnet-0c032ef803f7317ee"
            ],
            "wait_for_capacity_timeout": "10m",
            "wait_for_elb_capacity": null,
            "warm_pool": []
          },
          "sensitive_attributes": [],
          "private": "eyJlMmJmYjczMC1lY2FhLTExZTYtOGY4OC0zNDM2M2JjN2M0YzAiOnsiZGVsZXRlIjo2MDAwMDAwMDAwMDB9fQ==",
          "dependencies": [
            "module.my-alb.aws_launch_configuration.my-lc1",
            "module.my-alb.aws_lb_target_group.tg1",
            "module.my-alb.aws_security_group.alb-sg",
            "module.my-vpc.aws_subnet.prv-sub",
            "module.my-vpc.aws_subnet.pub-sub",
            "module.my-vpc.aws_vpc.vpc1",
            "module.my-vpc.data.aws_availability_zones.az1"
          ]
        }
      ]
    },
    {
      "module": "module.my-alb",
      "mode": "managed",
      "type": "aws_launch_configuration",
      "name": "my-lc1",
      "provider": "provider[\"registry.terraform.io/hashicorp/aws\"]",
      "instances": [
        {
          "schema_version": 0,
          "attributes": {
            "arn": "arn:aws:autoscaling:ap-south-1:790646685306:launchConfiguration:5df3945f-2fa4-4e4b-938f-b4c45aa0e4a7:launchConfigurationName/my-lc",
            "associate_public_ip_address": false,
            "ebs_block_device": [],
            "ebs_optimized": false,
            "enable_monitoring": true,
            "ephemeral_block_device": [],
            "iam_instance_profile": "",
            "id": "my-lc",
            "image_id": "ami-0567e0d2b4b2169ae",
            "instance_type": "t2.micro",
            "key_name": "dec13.pem",
            "metadata_options": [],
            "name": "my-lc",
            "name_prefix": "",
            "placement_tenancy": null,
            "root_block_device": [],
            "security_groups": [
              "sg-0dc45ecad16ad8765"
            ],
            "spot_price": "",
            "user_data": "828806a10a0c77becbd1a1eed25bfe640e37e03c",
            "user_data_base64": null,
            "vpc_classic_link_id": "",
            "vpc_classic_link_security_groups": []
          },
          "sensitive_attributes": [],
          "private": "bnVsbA==",
          "dependencies": [
            "module.my-alb.aws_security_group.alb-sg",
            "module.my-vpc.aws_vpc.vpc1"
          ]
        }
      ]
    },
    {
      "module": "module.my-alb",
      "mode": "managed",
      "type": "aws_lb",
      "name": "my-alb",
      "provider": "provider[\"registry.terraform.io/hashicorp/aws\"]",
      "instances": [
        {
          "schema_version": 0,
          "attributes": {
            "access_logs": [
              {
                "bucket": "",
                "enabled": false,
                "prefix": ""
              }
            ],
            "arn": "arn:aws:elasticloadbalancing:ap-south-1:790646685306:loadbalancer/app/my-alb/a96b00ac6c27e63f",
            "arn_suffix": "app/my-alb/a96b00ac6c27e63f",
            "customer_owned_ipv4_pool": "",
            "desync_mitigation_mode": "defensive",
            "dns_name": "my-alb-795401030.ap-south-1.elb.amazonaws.com",
            "drop_invalid_header_fields": false,
            "enable_cross_zone_load_balancing": null,
            "enable_deletion_protection": false,
            "enable_http2": true,
            "enable_waf_fail_open": false,
            "id": "arn:aws:elasticloadbalancing:ap-south-1:790646685306:loadbalancer/app/my-alb/a96b00ac6c27e63f",
            "idle_timeout": 60,
            "internal": false,
            "ip_address_type": "ipv4",
            "load_balancer_type": "application",
            "name": "my-alb",
            "name_prefix": null,
            "security_groups": [
              "sg-0718d1da051a04e15"
            ],
            "subnet_mapping": [
              {
                "allocation_id": "",
                "ipv6_address": "",
                "outpost_id": "",
                "private_ipv4_address": "",
                "subnet_id": "subnet-093246ffece247f36"
              },
              {
                "allocation_id": "",
                "ipv6_address": "",
                "outpost_id": "",
                "private_ipv4_address": "",
                "subnet_id": "subnet-0b584a4b067c652a2"
              },
              {
                "allocation_id": "",
                "ipv6_address": "",
                "outpost_id": "",
                "private_ipv4_address": "",
                "subnet_id": "subnet-0c032ef803f7317ee"
              }
            ],
            "subnets": [
              "subnet-093246ffece247f36",
              "subnet-0b584a4b067c652a2",
              "subnet-0c032ef803f7317ee"
            ],
            "tags": {},
            "tags_all": {},
            "timeouts": null,
            "vpc_id": "vpc-09ed259725ff88883",
            "zone_id": "ZP97RAFLXTNZK"
          },
          "sensitive_attributes": [],
          "private": "eyJlMmJmYjczMC1lY2FhLTExZTYtOGY4OC0zNDM2M2JjN2M0YzAiOnsiY3JlYXRlIjo2MDAwMDAwMDAwMDAsImRlbGV0ZSI6NjAwMDAwMDAwMDAwLCJ1cGRhdGUiOjYwMDAwMDAwMDAwMH19",
          "dependencies": [
            "module.my-vpc.aws_subnet.pub-sub",
            "module.my-vpc.aws_vpc.vpc1",
            "module.my-vpc.data.aws_availability_zones.az1"
          ]
        }
      ]
    },
    {
      "module": "module.my-alb",
      "mode": "managed",
      "type": "aws_lb_listener",
      "name": "my-alb-listener",
      "provider": "provider[\"registry.terraform.io/hashicorp/aws\"]",
      "instances": [
        {
          "schema_version": 0,
          "attributes": {
            "alpn_policy": null,
            "arn": "arn:aws:elasticloadbalancing:ap-south-1:790646685306:listener/app/my-alb/a96b00ac6c27e63f/b7a042e1b9ec5dbf",
            "certificate_arn": null,
            "default_action": [
              {
                "authenticate_cognito": [],
                "authenticate_oidc": [],
                "fixed_response": [],
                "forward": [],
                "order": 1,
                "redirect": [],
                "target_group_arn": "arn:aws:elasticloadbalancing:ap-south-1:790646685306:targetgroup/target-0/30dcdc736d1d7d77",
                "type": "forward"
              }
            ],
            "id": "arn:aws:elasticloadbalancing:ap-south-1:790646685306:listener/app/my-alb/a96b00ac6c27e63f/b7a042e1b9ec5dbf",
            "load_balancer_arn": "arn:aws:elasticloadbalancing:ap-south-1:790646685306:loadbalancer/app/my-alb/a96b00ac6c27e63f",
            "port": 80,
            "protocol": "HTTP",
            "ssl_policy": "",
            "tags": {},
            "tags_all": {},
            "timeouts": null
          },
          "sensitive_attributes": [],
          "private": "eyJlMmJmYjczMC1lY2FhLTExZTYtOGY4OC0zNDM2M2JjN2M0YzAiOnsicmVhZCI6NjAwMDAwMDAwMDAwfX0=",
          "dependencies": [
            "module.my-vpc.aws_subnet.pub-sub",
            "module.my-vpc.aws_vpc.vpc1",
            "module.my-vpc.data.aws_availability_zones.az1",
            "module.my-alb.aws_lb.my-alb",
            "module.my-alb.aws_lb_target_group.tg1"
          ]
        }
      ]
    },
    {
      "module": "module.my-alb",
      "mode": "managed",
      "type": "aws_lb_listener_rule",
      "name": "rule1",
      "provider": "provider[\"registry.terraform.io/hashicorp/aws\"]",
      "instances": [
        {
          "schema_version": 0,
          "attributes": {
            "action": [
              {
                "authenticate_cognito": [],
                "authenticate_oidc": [],
                "fixed_response": [],
                "forward": [],
                "order": 1,
                "redirect": [],
                "target_group_arn": "arn:aws:elasticloadbalancing:ap-south-1:790646685306:targetgroup/target-1/3de1680daf05d3a7",
                "type": "forward"
              }
            ],
            "arn": "arn:aws:elasticloadbalancing:ap-south-1:790646685306:listener-rule/app/my-alb/a96b00ac6c27e63f/b7a042e1b9ec5dbf/5766ec6d79de2f7b",
            "condition": [
              {
                "host_header": [],
                "http_header": [],
                "http_request_method": [],
                "path_pattern": [
                  {
                    "values": [
                      "*/sanju/*"
                    ]
                  }
                ],
                "query_string": [],
                "source_ip": []
              }
            ],
            "id": "arn:aws:elasticloadbalancing:ap-south-1:790646685306:listener-rule/app/my-alb/a96b00ac6c27e63f/b7a042e1b9ec5dbf/5766ec6d79de2f7b",
            "listener_arn": "arn:aws:elasticloadbalancing:ap-south-1:790646685306:listener/app/my-alb/a96b00ac6c27e63f/b7a042e1b9ec5dbf",
            "priority": 1,
            "tags": {},
            "tags_all": {}
          },
          "sensitive_attributes": [],
          "private": "bnVsbA==",
          "dependencies": [
            "module.my-vpc.aws_vpc.vpc1",
            "module.my-vpc.data.aws_availability_zones.az1",
            "module.my-alb.aws_lb.my-alb",
            "module.my-alb.aws_lb_listener.my-alb-listener",
            "module.my-alb.aws_lb_target_group.tg1",
            "module.my-vpc.aws_subnet.pub-sub"
          ]
        }
      ]
    },
    {
      "module": "module.my-alb",
      "mode": "managed",
      "type": "aws_lb_target_group",
      "name": "tg1",
      "provider": "provider[\"registry.terraform.io/hashicorp/aws\"]",
      "instances": [
        {
          "index_key": 0,
          "schema_version": 0,
          "attributes": {
            "arn": "arn:aws:elasticloadbalancing:ap-south-1:790646685306:targetgroup/target-0/30dcdc736d1d7d77",
            "arn_suffix": "targetgroup/target-0/30dcdc736d1d7d77",
            "connection_termination": false,
            "deregistration_delay": "300",
            "health_check": [
              {
                "enabled": true,
                "healthy_threshold": 3,
                "interval": 10,
                "matcher": "200",
                "path": "/",
                "port": "80",
                "protocol": "HTTP",
                "timeout": 5,
                "unhealthy_threshold": 3
              }
            ],
            "id": "arn:aws:elasticloadbalancing:ap-south-1:790646685306:targetgroup/target-0/30dcdc736d1d7d77",
            "lambda_multi_value_headers_enabled": false,
            "load_balancing_algorithm_type": "round_robin",
            "name": "target-0",
            "name_prefix": null,
            "port": 80,
            "preserve_client_ip": null,
            "protocol": "HTTP",
            "protocol_version": "HTTP1",
            "proxy_protocol_v2": false,
            "slow_start": 0,
            "stickiness": [
              {
                "cookie_duration": 86400,
                "cookie_name": "",
                "enabled": false,
                "type": "lb_cookie"
              }
            ],
            "tags": {},
            "tags_all": {},
            "target_type": "instance",
            "vpc_id": "vpc-09ed259725ff88883"
          },
          "sensitive_attributes": [],
          "private": "bnVsbA==",
          "dependencies": [
            "module.my-vpc.aws_vpc.vpc1"
          ]
        },
        {
          "index_key": 1,
          "schema_version": 0,
          "attributes": {
            "arn": "arn:aws:elasticloadbalancing:ap-south-1:790646685306:targetgroup/target-1/3de1680daf05d3a7",
            "arn_suffix": "targetgroup/target-1/3de1680daf05d3a7",
            "connection_termination": false,
            "deregistration_delay": "300",
            "health_check": [
              {
                "enabled": true,
                "healthy_threshold": 3,
                "interval": 10,
                "matcher": "200",
                "path": "/",
                "port": "80",
                "protocol": "HTTP",
                "timeout": 5,
                "unhealthy_threshold": 3
              }
            ],
            "id": "arn:aws:elasticloadbalancing:ap-south-1:790646685306:targetgroup/target-1/3de1680daf05d3a7",
            "lambda_multi_value_headers_enabled": false,
            "load_balancing_algorithm_type": "round_robin",
            "name": "target-1",
            "name_prefix": null,
            "port": 80,
            "preserve_client_ip": null,
            "protocol": "HTTP",
            "protocol_version": "HTTP1",
            "proxy_protocol_v2": false,
            "slow_start": 0,
            "stickiness": [
              {
                "cookie_duration": 86400,
                "cookie_name": "",
                "enabled": false,
                "type": "lb_cookie"
              }
            ],
            "tags": {},
            "tags_all": {},
            "target_type": "instance",
            "vpc_id": "vpc-09ed259725ff88883"
          },
          "sensitive_attributes": [],
          "private": "bnVsbA==",
          "dependencies": [
            "module.my-vpc.aws_vpc.vpc1"
          ]
        }
      ]
    },
    {
      "module": "module.my-alb",
      "mode": "managed",
      "type": "aws_security_group",
      "name": "alb-sg",
      "provider": "provider[\"registry.terraform.io/hashicorp/aws\"]",
      "instances": [
        {
          "schema_version": 1,
          "attributes": {
            "arn": "arn:aws:ec2:ap-south-1:790646685306:security-group/sg-0dc45ecad16ad8765",
            "description": "Managed by Terraform",
            "egress": [
              {
                "cidr_blocks": [
                  "0.0.0.0/0"
                ],
                "description": "",
                "from_port": 0,
                "ipv6_cidr_blocks": [],
                "prefix_list_ids": [],
                "protocol": "-1",
                "security_groups": [],
                "self": false,
                "to_port": 0
              }
            ],
            "id": "sg-0dc45ecad16ad8765",
            "ingress": [
              {
                "cidr_blocks": [
                  "0.0.0.0/0"
                ],
                "description": "",
                "from_port": 22,
                "ipv6_cidr_blocks": [],
                "prefix_list_ids": [],
                "protocol": "tcp",
                "security_groups": [],
                "self": false,
                "to_port": 22
              },
              {
                "cidr_blocks": [
                  "0.0.0.0/0"
                ],
                "description": "",
                "from_port": 80,
                "ipv6_cidr_blocks": [],
                "prefix_list_ids": [],
                "protocol": "tcp",
                "security_groups": [],
                "self": false,
                "to_port": 80
              }
            ],
            "name": "alb-sg",
            "name_prefix": "",
            "owner_id": "790646685306",
            "revoke_rules_on_delete": false,
            "tags": {},
            "tags_all": {},
            "timeouts": null,
            "vpc_id": "vpc-09ed259725ff88883"
          },
          "sensitive_attributes": [],
          "private": "eyJlMmJmYjczMC1lY2FhLTExZTYtOGY4OC0zNDM2M2JjN2M0YzAiOnsiY3JlYXRlIjo2MDAwMDAwMDAwMDAsImRlbGV0ZSI6OTAwMDAwMDAwMDAwfSwic2NoZW1hX3ZlcnNpb24iOiIxIn0=",
          "dependencies": [
            "module.my-vpc.aws_vpc.vpc1"
          ]
        }
      ]
    },
    {
      "module": "module.my-vpc",
      "mode": "data",
      "type": "aws_availability_zones",
      "name": "az1",
      "provider": "provider[\"registry.terraform.io/hashicorp/aws\"]",
      "instances": [
        {
          "schema_version": 0,
          "attributes": {
            "all_availability_zones": null,
            "exclude_names": null,
            "exclude_zone_ids": null,
            "filter": null,
            "group_names": [
              "ap-south-1"
            ],
            "id": "ap-south-1",
            "names": [
              "ap-south-1a",
              "ap-south-1b",
              "ap-south-1c"
            ],
            "state": null,
            "zone_ids": [
              "aps1-az1",
              "aps1-az3",
              "aps1-az2"
            ]
          },
          "sensitive_attributes": []
        }
      ]
    },
    {
      "module": "module.my-vpc",
      "mode": "managed",
      "type": "aws_eip",
      "name": "eip",
      "provider": "provider[\"registry.terraform.io/hashicorp/aws\"]",
      "instances": [
        {
          "schema_version": 0,
          "attributes": {
            "address": null,
            "allocation_id": "eipalloc-08e6967d6eed11b00",
            "associate_with_private_ip": null,
            "association_id": "eipassoc-02e2e14be5843c58f",
            "carrier_ip": "",
            "customer_owned_ip": "",
            "customer_owned_ipv4_pool": "",
            "domain": "vpc",
            "id": "eipalloc-08e6967d6eed11b00",
            "instance": "",
            "network_border_group": "ap-south-1",
            "network_interface": "eni-08eb71b70a0701053",
            "private_dns": "ip-10-0-0-244.ap-south-1.compute.internal",
            "private_ip": "10.0.0.244",
            "public_dns": "ec2-3-111-10-153.ap-south-1.compute.amazonaws.com",
            "public_ip": "3.111.10.153",
            "public_ipv4_pool": "amazon",
            "tags": {},
            "tags_all": {},
            "timeouts": null,
            "vpc": true
          },
          "sensitive_attributes": [],
          "private": "eyJlMmJmYjczMC1lY2FhLTExZTYtOGY4OC0zNDM2M2JjN2M0YzAiOnsiZGVsZXRlIjoxODAwMDAwMDAwMDAsInJlYWQiOjkwMDAwMDAwMDAwMCwidXBkYXRlIjozMDAwMDAwMDAwMDB9fQ=="
        }
      ]
    },
    {
      "module": "module.my-vpc",
      "mode": "managed",
      "type": "aws_instance",
      "name": "Boston",
      "provider": "provider[\"registry.terraform.io/hashicorp/aws\"]",
      "instances": [
        {
          "schema_version": 1,
          "attributes": {
            "ami": "ami-0567e0d2b4b2169ae",
            "arn": "arn:aws:ec2:ap-south-1:790646685306:instance/i-0f445e3358fe51a0b",
            "associate_public_ip_address": true,
            "availability_zone": "ap-south-1a",
            "capacity_reservation_specification": [
              {
                "capacity_reservation_preference": "open",
                "capacity_reservation_target": []
              }
            ],
            "cpu_core_count": 1,
            "cpu_threads_per_core": 1,
            "credit_specification": [
              {
                "cpu_credits": "standard"
              }
            ],
            "disable_api_termination": false,
            "ebs_block_device": [],
            "ebs_optimized": false,
            "enclave_options": [
              {
                "enabled": false
              }
            ],
            "ephemeral_block_device": [],
            "get_password_data": false,
            "hibernation": false,
            "host_id": null,
            "iam_instance_profile": "",
            "id": "i-0f445e3358fe51a0b",
            "instance_initiated_shutdown_behavior": "stop",
            "instance_state": "running",
            "instance_type": "t2.micro",
            "ipv6_address_count": 0,
            "ipv6_addresses": [],
            "key_name": "dec13.pem",
            "launch_template": [],
            "metadata_options": [
              {
                "http_endpoint": "enabled",
                "http_put_response_hop_limit": 1,
                "http_tokens": "optional"
              }
            ],
            "monitoring": false,
            "network_interface": [],
            "outpost_arn": "",
            "password_data": "",
            "placement_group": "",
            "placement_partition_number": null,
            "primary_network_interface_id": "eni-0334fa30ac8234682",
            "private_dns": "ip-10-0-0-102.ap-south-1.compute.internal",
            "private_ip": "10.0.0.102",
            "public_dns": "",
            "public_ip": "13.126.98.118",
            "root_block_device": [
              {
                "delete_on_termination": true,
                "device_name": "/dev/sda1",
                "encrypted": false,
                "iops": 100,
                "kms_key_id": "",
                "tags": {},
                "throughput": 0,
                "volume_id": "vol-03c4e603dcef98360",
                "volume_size": 8,
                "volume_type": "gp2"
              }
            ],
            "secondary_private_ips": [],
            "security_groups": [],
            "source_dest_check": true,
            "subnet_id": "subnet-093246ffece247f36",
            "tags": {
              "Name": "Boston"
            },
            "tags_all": {
              "Name": "Boston"
            },
            "tenancy": "default",
            "timeouts": null,
            "user_data": "e47cea8367df62c85e4c30e1ca0a13463f827326",
            "user_data_base64": null,
            "volume_tags": null,
            "vpc_security_group_ids": [
              "sg-0718d1da051a04e15"
            ]
          },
          "sensitive_attributes": [],
          "private": "eyJlMmJmYjczMC1lY2FhLTExZTYtOGY4OC0zNDM2M2JjN2M0YzAiOnsiY3JlYXRlIjo2MDAwMDAwMDAwMDAsImRlbGV0ZSI6MTIwMDAwMDAwMDAwMCwidXBkYXRlIjo2MDAwMDAwMDAwMDB9LCJzY2hlbWFfdmVyc2lvbiI6IjEifQ==",
          "dependencies": [
            "module.my-vpc.aws_subnet.pub-sub",
            "module.my-vpc.aws_vpc.vpc1",
            "module.my-vpc.data.aws_availability_zones.az1"
          ]
        }
      ]
    },
    {
      "module": "module.my-vpc",
      "mode": "managed",
      "type": "aws_internet_gateway",
      "name": "igw",
      "provider": "provider[\"registry.terraform.io/hashicorp/aws\"]",
      "instances": [
        {
          "schema_version": 0,
          "attributes": {
            "arn": "arn:aws:ec2:ap-south-1:790646685306:internet-gateway/igw-01c97c3f5252f5591",
            "id": "igw-01c97c3f5252f5591",
            "owner_id": "790646685306",
            "tags": {},
            "tags_all": {},
            "vpc_id": "vpc-09ed259725ff88883"
          },
          "sensitive_attributes": [],
          "private": "bnVsbA==",
          "dependencies": [
            "module.my-vpc.aws_vpc.vpc1"
          ]
        }
      ]
    },
    {
      "module": "module.my-vpc",
      "mode": "managed",
      "type": "aws_key_pair",
      "name": "testkey",
      "provider": "provider[\"registry.terraform.io/hashicorp/aws\"]",
      "instances": [
        {
          "schema_version": 1,
          "attributes": {
            "arn": "arn:aws:ec2:ap-south-1:790646685306:key-pair/dec13.pem",
            "fingerprint": "ba:ec:ba:07:c7:74:f3:f5:b7:12:3e:04:c0:8f:db:09",
            "id": "dec13.pem",
            "key_name": "dec13.pem",
            "key_name_prefix": "",
            "key_pair_id": "key-0d0d9e00c0af1bdf8",
            "public_key": "ssh-rsa AAAAB3NzaC1yc2EAAAADAQABAAABgQDFJtw9O+NbKCX5LN5+tqyEsOBAJlZyMWrQ3xytm+c9dPSofgfEGVItKiCCIXFjsrGxoUywHvieKuUZu7ODNpu2dLziEDmrn25k3iWpLKNH1iYZK3kr1kUDvUdDxh0KsAfbjMLkrXGqJRpoR6V2cMZaqbXH20MEg/N45XuxtVENEazgLBFk3lNAbauhoOwOeN2h1Mx09u2T6LpPN2nfgTEeClCVF1/HWjrBb70pRy1nnT2lXwWvEK7f4AhmuXgTbPQAH91jaqyk7+dY0fnkmqCTS9VUa2M5YeEdiEc1pr1HBul+c6VyOKse4GX4FEPr5mrKg3/bSAurap/WjtbuDnoWWRyQrvUIktDNNmPpmKzr+4XSU+b4XNnbVCWfpjCGrDr5JZW0NyZ+ZotIfs+PDzjsnkgmdAfEKfqClrslFHBYv0hJpIL+WYHTlUrY3RHAKayL5YC/4DJ2M7kqiooW7YgUwsEJa6t/kD3Ubf19scNsmjlj04lehiag7Be55oBY/zc= sanju@sanju-PC",
            "tags": {},
            "tags_all": {}
          },
          "sensitive_attributes": [],
          "private": "eyJzY2hlbWFfdmVyc2lvbiI6IjEifQ=="
        }
      ]
    },
    {
      "module": "module.my-vpc",
      "mode": "managed",
      "type": "aws_nat_gateway",
      "name": "my-nat",
      "provider": "provider[\"registry.terraform.io/hashicorp/aws\"]",
      "instances": [
        {
          "schema_version": 0,
          "attributes": {
            "allocation_id": "eipalloc-08e6967d6eed11b00",
            "connectivity_type": "public",
            "id": "nat-0b239f510cd8d52b7",
            "network_interface_id": "eni-08eb71b70a0701053",
            "private_ip": "10.0.0.244",
            "public_ip": "3.111.10.153",
            "subnet_id": "subnet-093246ffece247f36",
            "tags": {},
            "tags_all": {}
          },
          "sensitive_attributes": [],
          "private": "bnVsbA==",
          "dependencies": [
            "module.my-vpc.aws_eip.eip",
            "module.my-vpc.aws_subnet.pub-sub",
            "module.my-vpc.aws_vpc.vpc1",
            "module.my-vpc.data.aws_availability_zones.az1"
          ]
        }
      ]
    },
    {
      "module": "module.my-vpc",
      "mode": "managed",
      "type": "aws_route_table",
      "name": "rt1-pub",
      "provider": "provider[\"registry.terraform.io/hashicorp/aws\"]",
      "instances": [
        {
          "schema_version": 0,
          "attributes": {
            "arn": "arn:aws:ec2:ap-south-1:790646685306:route-table/rtb-0613d17a42e3da8a0",
            "id": "rtb-0613d17a42e3da8a0",
            "owner_id": "790646685306",
            "propagating_vgws": [],
            "route": [
              {
                "carrier_gateway_id": "",
                "cidr_block": "0.0.0.0/0",
                "destination_prefix_list_id": "",
                "egress_only_gateway_id": "",
                "gateway_id": "igw-01c97c3f5252f5591",
                "instance_id": "",
                "ipv6_cidr_block": "",
                "local_gateway_id": "",
                "nat_gateway_id": "",
                "network_interface_id": "",
                "transit_gateway_id": "",
                "vpc_endpoint_id": "",
                "vpc_peering_connection_id": ""
              }
            ],
            "tags": {},
            "tags_all": {},
            "timeouts": null,
            "vpc_id": "vpc-09ed259725ff88883"
          },
          "sensitive_attributes": [],
          "private": "eyJlMmJmYjczMC1lY2FhLTExZTYtOGY4OC0zNDM2M2JjN2M0YzAiOnsiY3JlYXRlIjoxMjAwMDAwMDAwMDAsImRlbGV0ZSI6MzAwMDAwMDAwMDAwLCJ1cGRhdGUiOjEyMDAwMDAwMDAwMH19",
          "dependencies": [
            "module.my-vpc.aws_internet_gateway.igw",
            "module.my-vpc.aws_vpc.vpc1"
          ]
        }
      ]
    },
    {
      "module": "module.my-vpc",
      "mode": "managed",
      "type": "aws_route_table",
      "name": "rt2-prv",
      "provider": "provider[\"registry.terraform.io/hashicorp/aws\"]",
      "instances": [
        {
          "schema_version": 0,
          "attributes": {
            "arn": "arn:aws:ec2:ap-south-1:790646685306:route-table/rtb-03e4440aa3c72c4cd",
            "id": "rtb-03e4440aa3c72c4cd",
            "owner_id": "790646685306",
            "propagating_vgws": [],
            "route": [
              {
                "carrier_gateway_id": "",
                "cidr_block": "0.0.0.0/0",
                "destination_prefix_list_id": "",
                "egress_only_gateway_id": "",
                "gateway_id": "nat-0b239f510cd8d52b7",
                "instance_id": "",
                "ipv6_cidr_block": "",
                "local_gateway_id": "",
                "nat_gateway_id": "",
                "network_interface_id": "",
                "transit_gateway_id": "",
                "vpc_endpoint_id": "",
                "vpc_peering_connection_id": ""
              }
            ],
            "tags": {},
            "tags_all": {},
            "timeouts": null,
            "vpc_id": "vpc-09ed259725ff88883"
          },
          "sensitive_attributes": [],
          "private": "eyJlMmJmYjczMC1lY2FhLTExZTYtOGY4OC0zNDM2M2JjN2M0YzAiOnsiY3JlYXRlIjoxMjAwMDAwMDAwMDAsImRlbGV0ZSI6MzAwMDAwMDAwMDAwLCJ1cGRhdGUiOjEyMDAwMDAwMDAwMH19",
          "dependencies": [
            "module.my-vpc.aws_nat_gateway.my-nat",
            "module.my-vpc.aws_vpc.vpc1"
          ]
        }
      ]
    },
    {
      "module": "module.my-vpc",
      "mode": "managed",
      "type": "aws_route_table_association",
      "name": "rt-asso",
      "provider": "provider[\"registry.terraform.io/hashicorp/aws\"]",
      "instances": [
        {
          "index_key": 0,
          "schema_version": 0,
          "attributes": {
            "gateway_id": "",
            "id": "rtbassoc-0eac17820e68d4ffd",
            "route_table_id": "rtb-0613d17a42e3da8a0",
            "subnet_id": "subnet-093246ffece247f36"
          },
          "sensitive_attributes": [],
          "private": "bnVsbA==",
          "dependencies": [
            "module.my-vpc.aws_route_table.rt1-pub",
            "module.my-vpc.aws_subnet.pub-sub",
            "module.my-vpc.aws_vpc.vpc1",
            "module.my-vpc.data.aws_availability_zones.az1",
            "module.my-vpc.aws_internet_gateway.igw"
          ]
        },
        {
          "index_key": 1,
          "schema_version": 0,
          "attributes": {
            "gateway_id": "",
            "id": "rtbassoc-0ec432ab6a5b20e7e",
            "route_table_id": "rtb-0613d17a42e3da8a0",
            "subnet_id": "subnet-0c032ef803f7317ee"
          },
          "sensitive_attributes": [],
          "private": "bnVsbA==",
          "dependencies": [
            "module.my-vpc.aws_subnet.pub-sub",
            "module.my-vpc.aws_vpc.vpc1",
            "module.my-vpc.data.aws_availability_zones.az1",
            "module.my-vpc.aws_internet_gateway.igw",
            "module.my-vpc.aws_route_table.rt1-pub"
          ]
        },
        {
          "index_key": 2,
          "schema_version": 0,
          "attributes": {
            "gateway_id": "",
            "id": "rtbassoc-036a81240f3024f40",
            "route_table_id": "rtb-0613d17a42e3da8a0",
            "subnet_id": "subnet-0b584a4b067c652a2"
          },
          "sensitive_attributes": [],
          "private": "bnVsbA==",
          "dependencies": [
            "module.my-vpc.aws_vpc.vpc1",
            "module.my-vpc.data.aws_availability_zones.az1",
            "module.my-vpc.aws_internet_gateway.igw",
            "module.my-vpc.aws_route_table.rt1-pub",
            "module.my-vpc.aws_subnet.pub-sub"
          ]
        }
      ]
    },
    {
      "module": "module.my-vpc",
      "mode": "managed",
      "type": "aws_route_table_association",
      "name": "rt1-asso",
      "provider": "provider[\"registry.terraform.io/hashicorp/aws\"]",
      "instances": [
        {
          "index_key": 0,
          "schema_version": 0,
          "attributes": {
            "gateway_id": "",
            "id": "rtbassoc-0738fd1140bf595fd",
            "route_table_id": "rtb-03e4440aa3c72c4cd",
            "subnet_id": "subnet-03fff7dc3b2a5aaa0"
          },
          "sensitive_attributes": [],
          "private": "bnVsbA==",
          "dependencies": [
            "module.my-vpc.aws_eip.eip",
            "module.my-vpc.aws_nat_gateway.my-nat",
            "module.my-vpc.aws_route_table.rt2-prv",
            "module.my-vpc.aws_subnet.prv-sub",
            "module.my-vpc.aws_subnet.pub-sub",
            "module.my-vpc.aws_vpc.vpc1",
            "module.my-vpc.data.aws_availability_zones.az1"
          ]
        },
        {
          "index_key": 1,
          "schema_version": 0,
          "attributes": {
            "gateway_id": "",
            "id": "rtbassoc-06a24796348aa032d",
            "route_table_id": "rtb-03e4440aa3c72c4cd",
            "subnet_id": "subnet-0c17a8db2cdc9497d"
          },
          "sensitive_attributes": [],
          "private": "bnVsbA==",
          "dependencies": [
            "module.my-vpc.aws_route_table.rt2-prv",
            "module.my-vpc.aws_subnet.prv-sub",
            "module.my-vpc.aws_subnet.pub-sub",
            "module.my-vpc.aws_vpc.vpc1",
            "module.my-vpc.data.aws_availability_zones.az1",
            "module.my-vpc.aws_eip.eip",
            "module.my-vpc.aws_nat_gateway.my-nat"
          ]
        },
        {
          "index_key": 2,
          "schema_version": 0,
          "attributes": {
            "gateway_id": "",
            "id": "rtbassoc-066361a438926b1a3",
            "route_table_id": "rtb-03e4440aa3c72c4cd",
            "subnet_id": "subnet-03eae1823de0daba4"
          },
          "sensitive_attributes": [],
          "private": "bnVsbA==",
          "dependencies": [
            "module.my-vpc.aws_subnet.pub-sub",
            "module.my-vpc.aws_vpc.vpc1",
            "module.my-vpc.data.aws_availability_zones.az1",
            "module.my-vpc.aws_eip.eip",
            "module.my-vpc.aws_nat_gateway.my-nat",
            "module.my-vpc.aws_route_table.rt2-prv",
            "module.my-vpc.aws_subnet.prv-sub"
          ]
        }
      ]
    },
    {
      "module": "module.my-vpc",
      "mode": "managed",
      "type": "aws_subnet",
      "name": "prv-sub",
      "provider": "provider[\"registry.terraform.io/hashicorp/aws\"]",
      "instances": [
        {
          "index_key": 0,
          "schema_version": 1,
          "attributes": {
            "arn": "arn:aws:ec2:ap-south-1:790646685306:subnet/subnet-03fff7dc3b2a5aaa0",
            "assign_ipv6_address_on_creation": false,
            "availability_zone": "ap-south-1a",
            "availability_zone_id": "aps1-az1",
            "cidr_block": "10.0.3.0/24",
            "customer_owned_ipv4_pool": "",
            "id": "subnet-03fff7dc3b2a5aaa0",
            "ipv6_cidr_block": "",
            "ipv6_cidr_block_association_id": "",
            "map_customer_owned_ip_on_launch": false,
            "map_public_ip_on_launch": false,
            "outpost_arn": "",
            "owner_id": "790646685306",
            "tags": {
              "Name": "prv-sub-0"
            },
            "tags_all": {
              "Name": "prv-sub-0"
            },
            "timeouts": null,
            "vpc_id": "vpc-09ed259725ff88883"
          },
          "sensitive_attributes": [],
          "private": "eyJlMmJmYjczMC1lY2FhLTExZTYtOGY4OC0zNDM2M2JjN2M0YzAiOnsiY3JlYXRlIjo2MDAwMDAwMDAwMDAsImRlbGV0ZSI6MTIwMDAwMDAwMDAwMH0sInNjaGVtYV92ZXJzaW9uIjoiMSJ9",
          "dependencies": [
            "module.my-vpc.aws_vpc.vpc1",
            "module.my-vpc.data.aws_availability_zones.az1"
          ]
        },
        {
          "index_key": 1,
          "schema_version": 1,
          "attributes": {
            "arn": "arn:aws:ec2:ap-south-1:790646685306:subnet/subnet-0c17a8db2cdc9497d",
            "assign_ipv6_address_on_creation": false,
            "availability_zone": "ap-south-1b",
            "availability_zone_id": "aps1-az3",
            "cidr_block": "10.0.4.0/24",
            "customer_owned_ipv4_pool": "",
            "id": "subnet-0c17a8db2cdc9497d",
            "ipv6_cidr_block": "",
            "ipv6_cidr_block_association_id": "",
            "map_customer_owned_ip_on_launch": false,
            "map_public_ip_on_launch": false,
            "outpost_arn": "",
            "owner_id": "790646685306",
            "tags": {
              "Name": "prv-sub-1"
            },
            "tags_all": {
              "Name": "prv-sub-1"
            },
            "timeouts": null,
            "vpc_id": "vpc-09ed259725ff88883"
          },
          "sensitive_attributes": [],
          "private": "eyJlMmJmYjczMC1lY2FhLTExZTYtOGY4OC0zNDM2M2JjN2M0YzAiOnsiY3JlYXRlIjo2MDAwMDAwMDAwMDAsImRlbGV0ZSI6MTIwMDAwMDAwMDAwMH0sInNjaGVtYV92ZXJzaW9uIjoiMSJ9",
          "dependencies": [
            "module.my-vpc.aws_vpc.vpc1",
            "module.my-vpc.data.aws_availability_zones.az1"
          ]
        },
        {
          "index_key": 2,
          "schema_version": 1,
          "attributes": {
            "arn": "arn:aws:ec2:ap-south-1:790646685306:subnet/subnet-03eae1823de0daba4",
            "assign_ipv6_address_on_creation": false,
            "availability_zone": "ap-south-1c",
            "availability_zone_id": "aps1-az2",
            "cidr_block": "10.0.5.0/24",
            "customer_owned_ipv4_pool": "",
            "id": "subnet-03eae1823de0daba4",
            "ipv6_cidr_block": "",
            "ipv6_cidr_block_association_id": "",
            "map_customer_owned_ip_on_launch": false,
            "map_public_ip_on_launch": false,
            "outpost_arn": "",
            "owner_id": "790646685306",
            "tags": {
              "Name": "prv-sub-2"
            },
            "tags_all": {
              "Name": "prv-sub-2"
            },
            "timeouts": null,
            "vpc_id": "vpc-09ed259725ff88883"
          },
          "sensitive_attributes": [],
          "private": "eyJlMmJmYjczMC1lY2FhLTExZTYtOGY4OC0zNDM2M2JjN2M0YzAiOnsiY3JlYXRlIjo2MDAwMDAwMDAwMDAsImRlbGV0ZSI6MTIwMDAwMDAwMDAwMH0sInNjaGVtYV92ZXJzaW9uIjoiMSJ9",
          "dependencies": [
            "module.my-vpc.aws_vpc.vpc1",
            "module.my-vpc.data.aws_availability_zones.az1"
          ]
        }
      ]
    },
    {
      "module": "module.my-vpc",
      "mode": "managed",
      "type": "aws_subnet",
      "name": "pub-sub",
      "provider": "provider[\"registry.terraform.io/hashicorp/aws\"]",
      "instances": [
        {
          "index_key": 0,
          "schema_version": 1,
          "attributes": {
            "arn": "arn:aws:ec2:ap-south-1:790646685306:subnet/subnet-093246ffece247f36",
            "assign_ipv6_address_on_creation": false,
            "availability_zone": "ap-south-1a",
            "availability_zone_id": "aps1-az1",
            "cidr_block": "10.0.0.0/24",
            "customer_owned_ipv4_pool": "",
            "id": "subnet-093246ffece247f36",
            "ipv6_cidr_block": "",
            "ipv6_cidr_block_association_id": "",
            "map_customer_owned_ip_on_launch": false,
            "map_public_ip_on_launch": true,
            "outpost_arn": "",
            "owner_id": "790646685306",
            "tags": {
              "Name": "sub-0"
            },
            "tags_all": {
              "Name": "sub-0"
            },
            "timeouts": null,
            "vpc_id": "vpc-09ed259725ff88883"
          },
          "sensitive_attributes": [],
          "private": "eyJlMmJmYjczMC1lY2FhLTExZTYtOGY4OC0zNDM2M2JjN2M0YzAiOnsiY3JlYXRlIjo2MDAwMDAwMDAwMDAsImRlbGV0ZSI6MTIwMDAwMDAwMDAwMH0sInNjaGVtYV92ZXJzaW9uIjoiMSJ9",
          "dependencies": [
            "module.my-vpc.aws_vpc.vpc1",
            "module.my-vpc.data.aws_availability_zones.az1"
          ]
        },
        {
          "index_key": 1,
          "schema_version": 1,
          "attributes": {
            "arn": "arn:aws:ec2:ap-south-1:790646685306:subnet/subnet-0c032ef803f7317ee",
            "assign_ipv6_address_on_creation": false,
            "availability_zone": "ap-south-1b",
            "availability_zone_id": "aps1-az3",
            "cidr_block": "10.0.1.0/24",
            "customer_owned_ipv4_pool": "",
            "id": "subnet-0c032ef803f7317ee",
            "ipv6_cidr_block": "",
            "ipv6_cidr_block_association_id": "",
            "map_customer_owned_ip_on_launch": false,
            "map_public_ip_on_launch": true,
            "outpost_arn": "",
            "owner_id": "790646685306",
            "tags": {
              "Name": "sub-1"
            },
            "tags_all": {
              "Name": "sub-1"
            },
            "timeouts": null,
            "vpc_id": "vpc-09ed259725ff88883"
          },
          "sensitive_attributes": [],
          "private": "eyJlMmJmYjczMC1lY2FhLTExZTYtOGY4OC0zNDM2M2JjN2M0YzAiOnsiY3JlYXRlIjo2MDAwMDAwMDAwMDAsImRlbGV0ZSI6MTIwMDAwMDAwMDAwMH0sInNjaGVtYV92ZXJzaW9uIjoiMSJ9",
          "dependencies": [
            "module.my-vpc.aws_vpc.vpc1",
            "module.my-vpc.data.aws_availability_zones.az1"
          ]
        },
        {
          "index_key": 2,
          "schema_version": 1,
          "attributes": {
            "arn": "arn:aws:ec2:ap-south-1:790646685306:subnet/subnet-0b584a4b067c652a2",
            "assign_ipv6_address_on_creation": false,
            "availability_zone": "ap-south-1c",
            "availability_zone_id": "aps1-az2",
            "cidr_block": "10.0.2.0/24",
            "customer_owned_ipv4_pool": "",
            "id": "subnet-0b584a4b067c652a2",
            "ipv6_cidr_block": "",
            "ipv6_cidr_block_association_id": "",
            "map_customer_owned_ip_on_launch": false,
            "map_public_ip_on_launch": true,
            "outpost_arn": "",
            "owner_id": "790646685306",
            "tags": {
              "Name": "sub-2"
            },
            "tags_all": {
              "Name": "sub-2"
            },
            "timeouts": null,
            "vpc_id": "vpc-09ed259725ff88883"
          },
          "sensitive_attributes": [],
          "private": "eyJlMmJmYjczMC1lY2FhLTExZTYtOGY4OC0zNDM2M2JjN2M0YzAiOnsiY3JlYXRlIjo2MDAwMDAwMDAwMDAsImRlbGV0ZSI6MTIwMDAwMDAwMDAwMH0sInNjaGVtYV92ZXJzaW9uIjoiMSJ9",
          "dependencies": [
            "module.my-vpc.data.aws_availability_zones.az1",
            "module.my-vpc.aws_vpc.vpc1"
          ]
        }
      ]
    },
    {
      "module": "module.my-vpc",
      "mode": "managed",
      "type": "aws_vpc",
      "name": "vpc1",
      "provider": "provider[\"registry.terraform.io/hashicorp/aws\"]",
      "instances": [
        {
          "schema_version": 1,
          "attributes": {
            "arn": "arn:aws:ec2:ap-south-1:790646685306:vpc/vpc-09ed259725ff88883",
            "assign_generated_ipv6_cidr_block": false,
            "cidr_block": "10.0.0.0/16",
            "default_network_acl_id": "acl-018e9c319099ca26f",
            "default_route_table_id": "rtb-06bd6fd497fc941a7",
            "default_security_group_id": "sg-0718d1da051a04e15",
            "dhcp_options_id": "dopt-0155112ac96ab4a15",
            "enable_classiclink": null,
            "enable_classiclink_dns_support": null,
            "enable_dns_hostnames": false,
            "enable_dns_support": true,
            "id": "vpc-09ed259725ff88883",
            "instance_tenancy": "default",
            "ipv4_ipam_pool_id": null,
            "ipv4_netmask_length": null,
            "ipv6_association_id": "",
            "ipv6_cidr_block": "",
            "ipv6_ipam_pool_id": null,
            "ipv6_netmask_length": null,
            "main_route_table_id": "rtb-06bd6fd497fc941a7",
            "owner_id": "790646685306",
            "tags": {},
            "tags_all": {}
          },
          "sensitive_attributes": [],
          "private": "eyJzY2hlbWFfdmVyc2lvbiI6IjEifQ=="
        }
      ]
    }
  ]
}
